// !$*UTF8*$!
{
	archiveVersion = 1;
	classes = {
	};
	objectVersion = 46;
	objects = {

/* Begin PBXBuildFile section */
		B32A0D091CB7581A00216F67 /* SimulationInstruction.cpp in Sources */ = {isa = PBXBuildFile; fileRef = B32A0D051CB7581900216F67 /* SimulationInstruction.cpp */; };
		B32A0D0A1CB7581A00216F67 /* Simulator.cpp in Sources */ = {isa = PBXBuildFile; fileRef = B32A0D071CB7581A00216F67 /* Simulator.cpp */; };
		B355600C1CB4D02F0043584B /* main.cpp in Sources */ = {isa = PBXBuildFile; fileRef = B355600B1CB4D02F0043584B /* main.cpp */; };
		B355603B1CB737AE0043584B /* RegisterFile.cpp in Sources */ = {isa = PBXBuildFile; fileRef = B35560391CB737AE0043584B /* RegisterFile.cpp */; };
		B35560441CB7421D0043584B /* Instruction.cpp in Sources */ = {isa = PBXBuildFile; fileRef = B35560421CB7421D0043584B /* Instruction.cpp */; };
		B35560471CB746A30043584B /* LabelInstruction.cpp in Sources */ = {isa = PBXBuildFile; fileRef = B35560451CB746A30043584B /* LabelInstruction.cpp */; };
		B36AB3F41CB88345009C3275 /* Forwarding.cpp in Sources */ = {isa = PBXBuildFile; fileRef = B36AB3F21CB88345009C3275 /* Forwarding.cpp */; };
		B3E8DC521CBC5BAF00E99EDD /* InstructionParser.cpp in Sources */ = {isa = PBXBuildFile; fileRef = B3E8DC4E1CBC5BAE00E99EDD /* InstructionParser.cpp */; };
		B3E8DC531CBC5BAF00E99EDD /* InstructionType.cpp in Sources */ = {isa = PBXBuildFile; fileRef = B3E8DC501CBC5BAF00E99EDD /* InstructionType.cpp */; };
		B3E8DC561CBC965D00E99EDD /* SourceReader.cpp in Sources */ = {isa = PBXBuildFile; fileRef = B3E8DC541CBC965C00E99EDD /* SourceReader.cpp */; };
		B3E8DC621CC1E71B00E99EDD /* MainMemory.cpp in Sources */ = {isa = PBXBuildFile; fileRef = B3E8DC601CC1E71B00E99EDD /* MainMemory.cpp */; };
		B3E8DC6F1CC1E73000E99EDD /* DecodeStage.cpp in Sources */ = {isa = PBXBuildFile; fileRef = B3E8DC631CC1E73000E99EDD /* DecodeStage.cpp */; };
		B3E8DC701CC1E73000E99EDD /* ExecuteStage.cpp in Sources */ = {isa = PBXBuildFile; fileRef = B3E8DC651CC1E73000E99EDD /* ExecuteStage.cpp */; };
		B3E8DC711CC1E73000E99EDD /* FetchStage.cpp in Sources */ = {isa = PBXBuildFile; fileRef = B3E8DC671CC1E73000E99EDD /* FetchStage.cpp */; };
		B3E8DC721CC1E73000E99EDD /* MemoryStage.cpp in Sources */ = {isa = PBXBuildFile; fileRef = B3E8DC691CC1E73000E99EDD /* MemoryStage.cpp */; };
		B3E8DC731CC1E73000E99EDD /* PipelineStage.cpp in Sources */ = {isa = PBXBuildFile; fileRef = B3E8DC6B1CC1E73000E99EDD /* PipelineStage.cpp */; };
		B3E8DC741CC1E73000E99EDD /* WriteBackStage.cpp in Sources */ = {isa = PBXBuildFile; fileRef = B3E8DC6D1CC1E73000E99EDD /* WriteBackStage.cpp */; };
		B3E8DC971CC2B3DC00E99EDD /* add_reg_1.asm in Sources */ = {isa = PBXBuildFile; fileRef = B3E8DC761CC2B3DC00E99EDD /* add_reg_1.asm */; };
		B3E8DC981CC2B3DC00E99EDD /* alu_reg_1.asm in Sources */ = {isa = PBXBuildFile; fileRef = B3E8DC771CC2B3DC00E99EDD /* alu_reg_1.asm */; };
		B3E8DC991CC2B3DC00E99EDD /* alu_reg_2.asm in Sources */ = {isa = PBXBuildFile; fileRef = B3E8DC781CC2B3DC00E99EDD /* alu_reg_2.asm */; };
		B3E8DC9A1CC2B3DC00E99EDD /* alu_reg_3.asm in Sources */ = {isa = PBXBuildFile; fileRef = B3E8DC791CC2B3DC00E99EDD /* alu_reg_3.asm */; };
		B3E8DC9B1CC2B3DC00E99EDD /* array.asm in Sources */ = {isa = PBXBuildFile; fileRef = B3E8DC7A1CC2B3DC00E99EDD /* array.asm */; };
		B3E8DC9C1CC2B3DC00E99EDD /* big_test.asm in Sources */ = {isa = PBXBuildFile; fileRef = B3E8DC7B1CC2B3DC00E99EDD /* big_test.asm */; };
		B3E8DC9D1CC2B3DC00E99EDD /* branch_1.asm in Sources */ = {isa = PBXBuildFile; fileRef = B3E8DC7C1CC2B3DC00E99EDD /* branch_1.asm */; };
		B3E8DC9E1CC2B3DC00E99EDD /* branch_2.asm in Sources */ = {isa = PBXBuildFile; fileRef = B3E8DC7D1CC2B3DC00E99EDD /* branch_2.asm */; };
		B3E8DC9F1CC2B3DC00E99EDD /* ex-mem_to_ex_1.asm in Sources */ = {isa = PBXBuildFile; fileRef = B3E8DC7E1CC2B3DC00E99EDD /* ex-mem_to_ex_1.asm */; };
		B3E8DCA01CC2B3DC00E99EDD /* ex-mem_to_ex_2.asm in Sources */ = {isa = PBXBuildFile; fileRef = B3E8DC7F1CC2B3DC00E99EDD /* ex-mem_to_ex_2.asm */; };
		B3E8DCA11CC2B3DC00E99EDD /* ex-mem_to_ex_3.asm in Sources */ = {isa = PBXBuildFile; fileRef = B3E8DC801CC2B3DC00E99EDD /* ex-mem_to_ex_3.asm */; };
		B3E8DCA21CC2B3DC00E99EDD /* ld_addr_ex-mem_ex.asm in Sources */ = {isa = PBXBuildFile; fileRef = B3E8DC811CC2B3DC00E99EDD /* ld_addr_ex-mem_ex.asm */; };
		B3E8DCA31CC2B3DD00E99EDD /* ld_addr_ex-wb_ex.asm in Sources */ = {isa = PBXBuildFile; fileRef = B3E8DC821CC2B3DC00E99EDD /* ld_addr_ex-wb_ex.asm */; };
		B3E8DCA41CC2B3DD00E99EDD /* ld_addr_ex-wb_mem.asm in Sources */ = {isa = PBXBuildFile; fileRef = B3E8DC831CC2B3DC00E99EDD /* ld_addr_ex-wb_mem.asm */; };
		B3E8DCA51CC2B3DD00E99EDD /* load_delay_1.asm in Sources */ = {isa = PBXBuildFile; fileRef = B3E8DC841CC2B3DC00E99EDD /* load_delay_1.asm */; };
		B3E8DCA61CC2B3DD00E99EDD /* load_delay_2.asm in Sources */ = {isa = PBXBuildFile; fileRef = B3E8DC851CC2B3DC00E99EDD /* load_delay_2.asm */; };
		B3E8DCA71CC2B3DD00E99EDD /* load_delay_3.asm in Sources */ = {isa = PBXBuildFile; fileRef = B3E8DC861CC2B3DC00E99EDD /* load_delay_3.asm */; };
		B3E8DCA81CC2B3DD00E99EDD /* load_reg_1.asm in Sources */ = {isa = PBXBuildFile; fileRef = B3E8DC871CC2B3DC00E99EDD /* load_reg_1.asm */; };
		B3E8DCA91CC2B3DD00E99EDD /* load_reg_2.asm in Sources */ = {isa = PBXBuildFile; fileRef = B3E8DC881CC2B3DC00E99EDD /* load_reg_2.asm */; };
		B3E8DCAA1CC2B3DD00E99EDD /* load_reg_3.asm in Sources */ = {isa = PBXBuildFile; fileRef = B3E8DC891CC2B3DC00E99EDD /* load_reg_3.asm */; };
		B3E8DCAB1CC2B3DD00E99EDD /* matrix(SuperScalar).asm in Sources */ = {isa = PBXBuildFile; fileRef = B3E8DC8A1CC2B3DC00E99EDD /* matrix(SuperScalar).asm */; };
		B3E8DCAC1CC2B3DD00E99EDD /* mem-wb_to_ex1.asm in Sources */ = {isa = PBXBuildFile; fileRef = B3E8DC8B1CC2B3DC00E99EDD /* mem-wb_to_ex1.asm */; };
		B3E8DCAD1CC2B3DD00E99EDD /* mem-wb_to_ex2.asm in Sources */ = {isa = PBXBuildFile; fileRef = B3E8DC8C1CC2B3DC00E99EDD /* mem-wb_to_ex2.asm */; };
		B3E8DCAE1CC2B3DD00E99EDD /* mem-wb_to_ex3.asm in Sources */ = {isa = PBXBuildFile; fileRef = B3E8DC8D1CC2B3DC00E99EDD /* mem-wb_to_ex3.asm */; };
		B3E8DCAF1CC2B3DD00E99EDD /* mem-wb_to_ex4.asm in Sources */ = {isa = PBXBuildFile; fileRef = B3E8DC8E1CC2B3DC00E99EDD /* mem-wb_to_ex4.asm */; };
		B3E8DCB01CC2B3DD00E99EDD /* mem-wb_to_ex5.asm in Sources */ = {isa = PBXBuildFile; fileRef = B3E8DC8F1CC2B3DC00E99EDD /* mem-wb_to_ex5.asm */; };
		B3E8DCB11CC2B3DD00E99EDD /* mem-wb_to_ex6.asm in Sources */ = {isa = PBXBuildFile; fileRef = B3E8DC901CC2B3DC00E99EDD /* mem-wb_to_ex6.asm */; };
		B3E8DCB21CC2B3DD00E99EDD /* mem_move.asm in Sources */ = {isa = PBXBuildFile; fileRef = B3E8DC911CC2B3DC00E99EDD /* mem_move.asm */; };
		B3E8DCB31CC2B3DD00E99EDD /* mult.asm in Sources */ = {isa = PBXBuildFile; fileRef = B3E8DC921CC2B3DC00E99EDD /* mult.asm */; };
		B3E8DCB41CC2B3DD00E99EDD /* st_addr_ex-mem_ex.asm in Sources */ = {isa = PBXBuildFile; fileRef = B3E8DC931CC2B3DC00E99EDD /* st_addr_ex-mem_ex.asm */; };
		B3E8DCB51CC2B3DD00E99EDD /* st_addr_mem-wb_ex.asm in Sources */ = {isa = PBXBuildFile; fileRef = B3E8DC941CC2B3DC00E99EDD /* st_addr_mem-wb_ex.asm */; };
		B3E8DCB61CC2B3DD00E99EDD /* st_mem-wb_mem.asm in Sources */ = {isa = PBXBuildFile; fileRef = B3E8DC951CC2B3DC00E99EDD /* st_mem-wb_mem.asm */; };
		B3E8DCB71CC2B3DD00E99EDD /* Unrolling.asm in Sources */ = {isa = PBXBuildFile; fileRef = B3E8DC961CC2B3DC00E99EDD /* Unrolling.asm */; };
/* End PBXBuildFile section */

/* Begin PBXCopyFilesBuildPhase section */
		B35560061CB4D02F0043584B /* CopyFiles */ = {
			isa = PBXCopyFilesBuildPhase;
			buildActionMask = 2147483647;
			dstPath = /usr/share/man/man1/;
			dstSubfolderSpec = 0;
			files = (
			);
			runOnlyForDeploymentPostprocessing = 1;
		};
/* End PBXCopyFilesBuildPhase section */

/* Begin PBXFileReference section */
		B32A0D051CB7581900216F67 /* SimulationInstruction.cpp */ = {isa = PBXFileReference; fileEncoding = 4; lastKnownFileType = sourcecode.cpp.cpp; path = SimulationInstruction.cpp; sourceTree = "<group>"; };
		B32A0D061CB7581900216F67 /* SimulationInstruction.hpp */ = {isa = PBXFileReference; fileEncoding = 4; lastKnownFileType = sourcecode.cpp.h; path = SimulationInstruction.hpp; sourceTree = "<group>"; };
		B32A0D071CB7581A00216F67 /* Simulator.cpp */ = {isa = PBXFileReference; fileEncoding = 4; lastKnownFileType = sourcecode.cpp.cpp; path = Simulator.cpp; sourceTree = "<group>"; };
		B32A0D081CB7581A00216F67 /* Simulator.hpp */ = {isa = PBXFileReference; fileEncoding = 4; lastKnownFileType = sourcecode.cpp.h; path = Simulator.hpp; sourceTree = "<group>"; };
		B35560081CB4D02F0043584B /* MIPSSuperscalarSimulator */ = {isa = PBXFileReference; explicitFileType = "compiled.mach-o.executable"; includeInIndex = 0; path = MIPSSuperscalarSimulator; sourceTree = BUILT_PRODUCTS_DIR; };
		B355600B1CB4D02F0043584B /* main.cpp */ = {isa = PBXFileReference; lastKnownFileType = sourcecode.cpp.cpp; path = main.cpp; sourceTree = "<group>"; };
		B35560391CB737AE0043584B /* RegisterFile.cpp */ = {isa = PBXFileReference; fileEncoding = 4; lastKnownFileType = sourcecode.cpp.cpp; name = RegisterFile.cpp; path = Memory/RegisterFile.cpp; sourceTree = "<group>"; };
		B355603A1CB737AE0043584B /* RegisterFile.hpp */ = {isa = PBXFileReference; fileEncoding = 4; lastKnownFileType = sourcecode.cpp.h; name = RegisterFile.hpp; path = Memory/RegisterFile.hpp; sourceTree = "<group>"; };
		B35560421CB7421D0043584B /* Instruction.cpp */ = {isa = PBXFileReference; fileEncoding = 4; lastKnownFileType = sourcecode.cpp.cpp; path = Instruction.cpp; sourceTree = "<group>"; };
		B35560431CB7421D0043584B /* Instruction.hpp */ = {isa = PBXFileReference; fileEncoding = 4; lastKnownFileType = sourcecode.cpp.h; path = Instruction.hpp; sourceTree = "<group>"; };
		B35560451CB746A30043584B /* LabelInstruction.cpp */ = {isa = PBXFileReference; fileEncoding = 4; lastKnownFileType = sourcecode.cpp.cpp; path = LabelInstruction.cpp; sourceTree = "<group>"; };
		B35560461CB746A30043584B /* LabelInstruction.hpp */ = {isa = PBXFileReference; fileEncoding = 4; lastKnownFileType = sourcecode.cpp.h; path = LabelInstruction.hpp; sourceTree = "<group>"; };
		B36AB3F21CB88345009C3275 /* Forwarding.cpp */ = {isa = PBXFileReference; fileEncoding = 4; lastKnownFileType = sourcecode.cpp.cpp; path = Forwarding.cpp; sourceTree = "<group>"; };
		B36AB3F31CB88345009C3275 /* Forwarding.hpp */ = {isa = PBXFileReference; fileEncoding = 4; lastKnownFileType = sourcecode.cpp.h; path = Forwarding.hpp; sourceTree = "<group>"; };
		B3E8DC4E1CBC5BAE00E99EDD /* InstructionParser.cpp */ = {isa = PBXFileReference; fileEncoding = 4; lastKnownFileType = sourcecode.cpp.cpp; path = InstructionParser.cpp; sourceTree = "<group>"; };
		B3E8DC4F1CBC5BAF00E99EDD /* InstructionParser.hpp */ = {isa = PBXFileReference; fileEncoding = 4; lastKnownFileType = sourcecode.cpp.h; path = InstructionParser.hpp; sourceTree = "<group>"; };
		B3E8DC501CBC5BAF00E99EDD /* InstructionType.cpp */ = {isa = PBXFileReference; fileEncoding = 4; lastKnownFileType = sourcecode.cpp.cpp; path = InstructionType.cpp; sourceTree = "<group>"; };
		B3E8DC511CBC5BAF00E99EDD /* InstructionType.hpp */ = {isa = PBXFileReference; fileEncoding = 4; lastKnownFileType = sourcecode.cpp.h; path = InstructionType.hpp; sourceTree = "<group>"; };
		B3E8DC541CBC965C00E99EDD /* SourceReader.cpp */ = {isa = PBXFileReference; fileEncoding = 4; lastKnownFileType = sourcecode.cpp.cpp; path = SourceReader.cpp; sourceTree = "<group>"; };
		B3E8DC551CBC965C00E99EDD /* SourceReader.hpp */ = {isa = PBXFileReference; fileEncoding = 4; lastKnownFileType = sourcecode.cpp.h; path = SourceReader.hpp; sourceTree = "<group>"; };
		B3E8DC5D1CC1BB7000E99EDD /* CMakeLists.txt */ = {isa = PBXFileReference; fileEncoding = 4; lastKnownFileType = text; path = CMakeLists.txt; sourceTree = "<group>"; };
		B3E8DC601CC1E71B00E99EDD /* MainMemory.cpp */ = {isa = PBXFileReference; fileEncoding = 4; lastKnownFileType = sourcecode.cpp.cpp; name = MainMemory.cpp; path = Memory/MainMemory.cpp; sourceTree = "<group>"; };
		B3E8DC611CC1E71B00E99EDD /* MainMemory.hpp */ = {isa = PBXFileReference; fileEncoding = 4; lastKnownFileType = sourcecode.cpp.h; name = MainMemory.hpp; path = Memory/MainMemory.hpp; sourceTree = "<group>"; };
		B3E8DC631CC1E73000E99EDD /* DecodeStage.cpp */ = {isa = PBXFileReference; fileEncoding = 4; lastKnownFileType = sourcecode.cpp.cpp; name = DecodeStage.cpp; path = "Pipeline Stages/DecodeStage.cpp"; sourceTree = "<group>"; };
		B3E8DC641CC1E73000E99EDD /* DecodeStage.hpp */ = {isa = PBXFileReference; fileEncoding = 4; lastKnownFileType = sourcecode.cpp.h; name = DecodeStage.hpp; path = "Pipeline Stages/DecodeStage.hpp"; sourceTree = "<group>"; };
		B3E8DC651CC1E73000E99EDD /* ExecuteStage.cpp */ = {isa = PBXFileReference; fileEncoding = 4; lastKnownFileType = sourcecode.cpp.cpp; name = ExecuteStage.cpp; path = "Pipeline Stages/ExecuteStage.cpp"; sourceTree = "<group>"; };
		B3E8DC661CC1E73000E99EDD /* ExecuteStage.hpp */ = {isa = PBXFileReference; fileEncoding = 4; lastKnownFileType = sourcecode.cpp.h; name = ExecuteStage.hpp; path = "Pipeline Stages/ExecuteStage.hpp"; sourceTree = "<group>"; };
		B3E8DC671CC1E73000E99EDD /* FetchStage.cpp */ = {isa = PBXFileReference; fileEncoding = 4; lastKnownFileType = sourcecode.cpp.cpp; name = FetchStage.cpp; path = "Pipeline Stages/FetchStage.cpp"; sourceTree = "<group>"; };
		B3E8DC681CC1E73000E99EDD /* FetchStage.hpp */ = {isa = PBXFileReference; fileEncoding = 4; lastKnownFileType = sourcecode.cpp.h; name = FetchStage.hpp; path = "Pipeline Stages/FetchStage.hpp"; sourceTree = "<group>"; };
		B3E8DC691CC1E73000E99EDD /* MemoryStage.cpp */ = {isa = PBXFileReference; fileEncoding = 4; lastKnownFileType = sourcecode.cpp.cpp; name = MemoryStage.cpp; path = "Pipeline Stages/MemoryStage.cpp"; sourceTree = "<group>"; };
		B3E8DC6A1CC1E73000E99EDD /* MemoryStage.hpp */ = {isa = PBXFileReference; fileEncoding = 4; lastKnownFileType = sourcecode.cpp.h; name = MemoryStage.hpp; path = "Pipeline Stages/MemoryStage.hpp"; sourceTree = "<group>"; };
		B3E8DC6B1CC1E73000E99EDD /* PipelineStage.cpp */ = {isa = PBXFileReference; fileEncoding = 4; lastKnownFileType = sourcecode.cpp.cpp; name = PipelineStage.cpp; path = "Pipeline Stages/PipelineStage.cpp"; sourceTree = "<group>"; };
		B3E8DC6C1CC1E73000E99EDD /* PipelineStage.hpp */ = {isa = PBXFileReference; fileEncoding = 4; lastKnownFileType = sourcecode.cpp.h; name = PipelineStage.hpp; path = "Pipeline Stages/PipelineStage.hpp"; sourceTree = "<group>"; };
		B3E8DC6D1CC1E73000E99EDD /* WriteBackStage.cpp */ = {isa = PBXFileReference; fileEncoding = 4; lastKnownFileType = sourcecode.cpp.cpp; name = WriteBackStage.cpp; path = "Pipeline Stages/WriteBackStage.cpp"; sourceTree = "<group>"; };
		B3E8DC6E1CC1E73000E99EDD /* WriteBackStage.hpp */ = {isa = PBXFileReference; fileEncoding = 4; lastKnownFileType = sourcecode.cpp.h; name = WriteBackStage.hpp; path = "Pipeline Stages/WriteBackStage.hpp"; sourceTree = "<group>"; };
		B3E8DC761CC2B3DC00E99EDD /* add_reg_1.asm */ = {isa = PBXFileReference; lastKnownFileType = sourcecode.asm.asm; path = add_reg_1.asm; sourceTree = "<group>"; };
		B3E8DC771CC2B3DC00E99EDD /* alu_reg_1.asm */ = {isa = PBXFileReference; lastKnownFileType = sourcecode.asm.asm; path = alu_reg_1.asm; sourceTree = "<group>"; };
		B3E8DC781CC2B3DC00E99EDD /* alu_reg_2.asm */ = {isa = PBXFileReference; lastKnownFileType = sourcecode.asm.asm; path = alu_reg_2.asm; sourceTree = "<group>"; };
		B3E8DC791CC2B3DC00E99EDD /* alu_reg_3.asm */ = {isa = PBXFileReference; lastKnownFileType = sourcecode.asm.asm; path = alu_reg_3.asm; sourceTree = "<group>"; };
		B3E8DC7A1CC2B3DC00E99EDD /* array.asm */ = {isa = PBXFileReference; lastKnownFileType = sourcecode.asm.asm; path = array.asm; sourceTree = "<group>"; };
		B3E8DC7B1CC2B3DC00E99EDD /* big_test.asm */ = {isa = PBXFileReference; lastKnownFileType = sourcecode.asm.asm; path = big_test.asm; sourceTree = "<group>"; };
		B3E8DC7C1CC2B3DC00E99EDD /* branch_1.asm */ = {isa = PBXFileReference; lastKnownFileType = sourcecode.asm.asm; path = branch_1.asm; sourceTree = "<group>"; };
		B3E8DC7D1CC2B3DC00E99EDD /* branch_2.asm */ = {isa = PBXFileReference; lastKnownFileType = sourcecode.asm.asm; path = branch_2.asm; sourceTree = "<group>"; };
		B3E8DC7E1CC2B3DC00E99EDD /* ex-mem_to_ex_1.asm */ = {isa = PBXFileReference; lastKnownFileType = sourcecode.asm.asm; path = "ex-mem_to_ex_1.asm"; sourceTree = "<group>"; };
		B3E8DC7F1CC2B3DC00E99EDD /* ex-mem_to_ex_2.asm */ = {isa = PBXFileReference; lastKnownFileType = sourcecode.asm.asm; path = "ex-mem_to_ex_2.asm"; sourceTree = "<group>"; };
		B3E8DC801CC2B3DC00E99EDD /* ex-mem_to_ex_3.asm */ = {isa = PBXFileReference; lastKnownFileType = sourcecode.asm.asm; path = "ex-mem_to_ex_3.asm"; sourceTree = "<group>"; };
		B3E8DC811CC2B3DC00E99EDD /* ld_addr_ex-mem_ex.asm */ = {isa = PBXFileReference; lastKnownFileType = sourcecode.asm.asm; path = "ld_addr_ex-mem_ex.asm"; sourceTree = "<group>"; };
		B3E8DC821CC2B3DC00E99EDD /* ld_addr_ex-wb_ex.asm */ = {isa = PBXFileReference; lastKnownFileType = sourcecode.asm.asm; path = "ld_addr_ex-wb_ex.asm"; sourceTree = "<group>"; };
		B3E8DC831CC2B3DC00E99EDD /* ld_addr_ex-wb_mem.asm */ = {isa = PBXFileReference; lastKnownFileType = sourcecode.asm.asm; path = "ld_addr_ex-wb_mem.asm"; sourceTree = "<group>"; };
		B3E8DC841CC2B3DC00E99EDD /* load_delay_1.asm */ = {isa = PBXFileReference; lastKnownFileType = sourcecode.asm.asm; path = load_delay_1.asm; sourceTree = "<group>"; };
		B3E8DC851CC2B3DC00E99EDD /* load_delay_2.asm */ = {isa = PBXFileReference; lastKnownFileType = sourcecode.asm.asm; path = load_delay_2.asm; sourceTree = "<group>"; };
		B3E8DC861CC2B3DC00E99EDD /* load_delay_3.asm */ = {isa = PBXFileReference; lastKnownFileType = sourcecode.asm.asm; path = load_delay_3.asm; sourceTree = "<group>"; };
		B3E8DC871CC2B3DC00E99EDD /* load_reg_1.asm */ = {isa = PBXFileReference; lastKnownFileType = sourcecode.asm.asm; path = load_reg_1.asm; sourceTree = "<group>"; };
		B3E8DC881CC2B3DC00E99EDD /* load_reg_2.asm */ = {isa = PBXFileReference; lastKnownFileType = sourcecode.asm.asm; path = load_reg_2.asm; sourceTree = "<group>"; };
		B3E8DC891CC2B3DC00E99EDD /* load_reg_3.asm */ = {isa = PBXFileReference; lastKnownFileType = sourcecode.asm.asm; path = load_reg_3.asm; sourceTree = "<group>"; };
		B3E8DC8A1CC2B3DC00E99EDD /* matrix(SuperScalar).asm */ = {isa = PBXFileReference; lastKnownFileType = sourcecode.asm.asm; path = "matrix(SuperScalar).asm"; sourceTree = "<group>"; };
		B3E8DC8B1CC2B3DC00E99EDD /* mem-wb_to_ex1.asm */ = {isa = PBXFileReference; lastKnownFileType = sourcecode.asm.asm; path = "mem-wb_to_ex1.asm"; sourceTree = "<group>"; };
		B3E8DC8C1CC2B3DC00E99EDD /* mem-wb_to_ex2.asm */ = {isa = PBXFileReference; lastKnownFileType = sourcecode.asm.asm; path = "mem-wb_to_ex2.asm"; sourceTree = "<group>"; };
		B3E8DC8D1CC2B3DC00E99EDD /* mem-wb_to_ex3.asm */ = {isa = PBXFileReference; lastKnownFileType = sourcecode.asm.asm; path = "mem-wb_to_ex3.asm"; sourceTree = "<group>"; };
		B3E8DC8E1CC2B3DC00E99EDD /* mem-wb_to_ex4.asm */ = {isa = PBXFileReference; lastKnownFileType = sourcecode.asm.asm; path = "mem-wb_to_ex4.asm"; sourceTree = "<group>"; };
		B3E8DC8F1CC2B3DC00E99EDD /* mem-wb_to_ex5.asm */ = {isa = PBXFileReference; lastKnownFileType = sourcecode.asm.asm; path = "mem-wb_to_ex5.asm"; sourceTree = "<group>"; };
		B3E8DC901CC2B3DC00E99EDD /* mem-wb_to_ex6.asm */ = {isa = PBXFileReference; lastKnownFileType = sourcecode.asm.asm; path = "mem-wb_to_ex6.asm"; sourceTree = "<group>"; };
		B3E8DC911CC2B3DC00E99EDD /* mem_move.asm */ = {isa = PBXFileReference; lastKnownFileType = sourcecode.asm.asm; path = mem_move.asm; sourceTree = "<group>"; };
		B3E8DC921CC2B3DC00E99EDD /* mult.asm */ = {isa = PBXFileReference; lastKnownFileType = sourcecode.asm.asm; path = mult.asm; sourceTree = "<group>"; };
		B3E8DC931CC2B3DC00E99EDD /* st_addr_ex-mem_ex.asm */ = {isa = PBXFileReference; lastKnownFileType = sourcecode.asm.asm; path = "st_addr_ex-mem_ex.asm"; sourceTree = "<group>"; };
		B3E8DC941CC2B3DC00E99EDD /* st_addr_mem-wb_ex.asm */ = {isa = PBXFileReference; lastKnownFileType = sourcecode.asm.asm; path = "st_addr_mem-wb_ex.asm"; sourceTree = "<group>"; };
		B3E8DC951CC2B3DC00E99EDD /* st_mem-wb_mem.asm */ = {isa = PBXFileReference; lastKnownFileType = sourcecode.asm.asm; path = "st_mem-wb_mem.asm"; sourceTree = "<group>"; };
		B3E8DC961CC2B3DC00E99EDD /* Unrolling.asm */ = {isa = PBXFileReference; lastKnownFileType = sourcecode.asm.asm; path = Unrolling.asm; sourceTree = "<group>"; };
/* End PBXFileReference section */

/* Begin PBXFrameworksBuildPhase section */
		B35560051CB4D02F0043584B /* Frameworks */ = {
			isa = PBXFrameworksBuildPhase;
			buildActionMask = 2147483647;
			files = (
			);
			runOnlyForDeploymentPostprocessing = 0;
		};
/* End PBXFrameworksBuildPhase section */

/* Begin PBXGroup section */
		B3555FFF1CB4D02F0043584B = {
			isa = PBXGroup;
			children = (
				B3E8DC751CC2B3DC00E99EDD /* Benchmarks */,
				B3E8DC5D1CC1BB7000E99EDD /* CMakeLists.txt */,
				B355600A1CB4D02F0043584B /* MIPSSuperscalarSimulator */,
				B35560091CB4D02F0043584B /* Products */,
			);
			sourceTree = "<group>";
		};
		B35560091CB4D02F0043584B /* Products */ = {
			isa = PBXGroup;
			children = (
				B35560081CB4D02F0043584B /* MIPSSuperscalarSimulator */,
			);
			name = Products;
			sourceTree = "<group>";
		};
		B355600A1CB4D02F0043584B /* MIPSSuperscalarSimulator */ = {
			isa = PBXGroup;
			children = (
				B355600B1CB4D02F0043584B /* main.cpp */,
				B3E8DC551CBC965C00E99EDD /* SourceReader.hpp */,
				B3E8DC541CBC965C00E99EDD /* SourceReader.cpp */,
				B3E8DC4F1CBC5BAF00E99EDD /* InstructionParser.hpp */,
				B3E8DC4E1CBC5BAE00E99EDD /* InstructionParser.cpp */,
				B3E8DC511CBC5BAF00E99EDD /* InstructionType.hpp */,
				B3E8DC501CBC5BAF00E99EDD /* InstructionType.cpp */,
				B36AB3F31CB88345009C3275 /* Forwarding.hpp */,
				B36AB3F21CB88345009C3275 /* Forwarding.cpp */,
				B32A0D061CB7581900216F67 /* SimulationInstruction.hpp */,
				B32A0D051CB7581900216F67 /* SimulationInstruction.cpp */,
				B32A0D081CB7581A00216F67 /* Simulator.hpp */,
				B32A0D071CB7581A00216F67 /* Simulator.cpp */,
				B35560461CB746A30043584B /* LabelInstruction.hpp */,
				B35560451CB746A30043584B /* LabelInstruction.cpp */,
				B35560431CB7421D0043584B /* Instruction.hpp */,
				B35560421CB7421D0043584B /* Instruction.cpp */,
				B3E8DC5F1CC1E58800E99EDD /* Memory */,
				B3E8DC5E1CC1E52700E99EDD /* Pipeline Stages */,
			);
			path = MIPSSuperscalarSimulator;
			sourceTree = "<group>";
		};
		B3E8DC5E1CC1E52700E99EDD /* Pipeline Stages */ = {
			isa = PBXGroup;
			children = (
				B3E8DC6C1CC1E73000E99EDD /* PipelineStage.hpp */,
				B3E8DC6B1CC1E73000E99EDD /* PipelineStage.cpp */,
				B3E8DC681CC1E73000E99EDD /* FetchStage.hpp */,
				B3E8DC671CC1E73000E99EDD /* FetchStage.cpp */,
				B3E8DC641CC1E73000E99EDD /* DecodeStage.hpp */,
				B3E8DC631CC1E73000E99EDD /* DecodeStage.cpp */,
				B3E8DC661CC1E73000E99EDD /* ExecuteStage.hpp */,
				B3E8DC651CC1E73000E99EDD /* ExecuteStage.cpp */,
				B3E8DC6A1CC1E73000E99EDD /* MemoryStage.hpp */,
				B3E8DC691CC1E73000E99EDD /* MemoryStage.cpp */,
				B3E8DC6E1CC1E73000E99EDD /* WriteBackStage.hpp */,
				B3E8DC6D1CC1E73000E99EDD /* WriteBackStage.cpp */,
			);
			name = "Pipeline Stages";
			sourceTree = "<group>";
		};
		B3E8DC5F1CC1E58800E99EDD /* Memory */ = {
			isa = PBXGroup;
			children = (
				B3E8DC611CC1E71B00E99EDD /* MainMemory.hpp */,
				B3E8DC601CC1E71B00E99EDD /* MainMemory.cpp */,
				B355603A1CB737AE0043584B /* RegisterFile.hpp */,
				B35560391CB737AE0043584B /* RegisterFile.cpp */,
			);
			name = Memory;
			sourceTree = "<group>";
		};
		B3E8DC751CC2B3DC00E99EDD /* Benchmarks */ = {
			isa = PBXGroup;
			children = (
				B3E8DC761CC2B3DC00E99EDD /* add_reg_1.asm */,
				B3E8DC771CC2B3DC00E99EDD /* alu_reg_1.asm */,
				B3E8DC781CC2B3DC00E99EDD /* alu_reg_2.asm */,
				B3E8DC791CC2B3DC00E99EDD /* alu_reg_3.asm */,
				B3E8DC7A1CC2B3DC00E99EDD /* array.asm */,
				B3E8DC7B1CC2B3DC00E99EDD /* big_test.asm */,
				B3E8DC7C1CC2B3DC00E99EDD /* branch_1.asm */,
				B3E8DC7D1CC2B3DC00E99EDD /* branch_2.asm */,
				B3E8DC7E1CC2B3DC00E99EDD /* ex-mem_to_ex_1.asm */,
				B3E8DC7F1CC2B3DC00E99EDD /* ex-mem_to_ex_2.asm */,
				B3E8DC801CC2B3DC00E99EDD /* ex-mem_to_ex_3.asm */,
				B3E8DC811CC2B3DC00E99EDD /* ld_addr_ex-mem_ex.asm */,
				B3E8DC821CC2B3DC00E99EDD /* ld_addr_ex-wb_ex.asm */,
				B3E8DC831CC2B3DC00E99EDD /* ld_addr_ex-wb_mem.asm */,
				B3E8DC841CC2B3DC00E99EDD /* load_delay_1.asm */,
				B3E8DC851CC2B3DC00E99EDD /* load_delay_2.asm */,
				B3E8DC861CC2B3DC00E99EDD /* load_delay_3.asm */,
				B3E8DC871CC2B3DC00E99EDD /* load_reg_1.asm */,
				B3E8DC881CC2B3DC00E99EDD /* load_reg_2.asm */,
				B3E8DC891CC2B3DC00E99EDD /* load_reg_3.asm */,
				B3E8DC8A1CC2B3DC00E99EDD /* matrix(SuperScalar).asm */,
				B3E8DC8B1CC2B3DC00E99EDD /* mem-wb_to_ex1.asm */,
				B3E8DC8C1CC2B3DC00E99EDD /* mem-wb_to_ex2.asm */,
				B3E8DC8D1CC2B3DC00E99EDD /* mem-wb_to_ex3.asm */,
				B3E8DC8E1CC2B3DC00E99EDD /* mem-wb_to_ex4.asm */,
				B3E8DC8F1CC2B3DC00E99EDD /* mem-wb_to_ex5.asm */,
				B3E8DC901CC2B3DC00E99EDD /* mem-wb_to_ex6.asm */,
				B3E8DC911CC2B3DC00E99EDD /* mem_move.asm */,
				B3E8DC921CC2B3DC00E99EDD /* mult.asm */,
				B3E8DC931CC2B3DC00E99EDD /* st_addr_ex-mem_ex.asm */,
				B3E8DC941CC2B3DC00E99EDD /* st_addr_mem-wb_ex.asm */,
				B3E8DC951CC2B3DC00E99EDD /* st_mem-wb_mem.asm */,
				B3E8DC961CC2B3DC00E99EDD /* Unrolling.asm */,
			);
			path = Benchmarks;
			sourceTree = "<group>";
		};
/* End PBXGroup section */

/* Begin PBXNativeTarget section */
		B35560071CB4D02F0043584B /* MIPSSuperscalarSimulator */ = {
			isa = PBXNativeTarget;
			buildConfigurationList = B355600F1CB4D02F0043584B /* Build configuration list for PBXNativeTarget "MIPSSuperscalarSimulator" */;
			buildPhases = (
				B35560041CB4D02F0043584B /* Sources */,
				B35560051CB4D02F0043584B /* Frameworks */,
				B35560061CB4D02F0043584B /* CopyFiles */,
			);
			buildRules = (
			);
			dependencies = (
			);
			name = MIPSSuperscalarSimulator;
			productName = MIPSSuperscalarSimulator;
			productReference = B35560081CB4D02F0043584B /* MIPSSuperscalarSimulator */;
			productType = "com.apple.product-type.tool";
		};
/* End PBXNativeTarget section */

/* Begin PBXProject section */
		B35560001CB4D02F0043584B /* Project object */ = {
			isa = PBXProject;
			attributes = {
				LastUpgradeCheck = 0720;
				ORGANIZATIONNAME = ZhuKim;
				TargetAttributes = {
					B35560071CB4D02F0043584B = {
						CreatedOnToolsVersion = 7.2;
					};
				};
			};
			buildConfigurationList = B35560031CB4D02F0043584B /* Build configuration list for PBXProject "MIPSSuperscalarSimulator" */;
			compatibilityVersion = "Xcode 3.2";
			developmentRegion = English;
			hasScannedForEncodings = 0;
			knownRegions = (
				en,
			);
			mainGroup = B3555FFF1CB4D02F0043584B;
			productRefGroup = B35560091CB4D02F0043584B /* Products */;
			projectDirPath = "";
			projectRoot = "";
			targets = (
				B35560071CB4D02F0043584B /* MIPSSuperscalarSimulator */,
			);
		};
/* End PBXProject section */

/* Begin PBXSourcesBuildPhase section */
		B35560041CB4D02F0043584B /* Sources */ = {
			isa = PBXSourcesBuildPhase;
			buildActionMask = 2147483647;
			files = (
				B3E8DC991CC2B3DC00E99EDD /* alu_reg_2.asm in Sources */,
				B3E8DC9C1CC2B3DC00E99EDD /* big_test.asm in Sources */,
				B36AB3F41CB88345009C3275 /* Forwarding.cpp in Sources */,
				B3E8DC711CC1E73000E99EDD /* FetchStage.cpp in Sources */,
				B3E8DC981CC2B3DC00E99EDD /* alu_reg_1.asm in Sources */,
				B3E8DCB51CC2B3DD00E99EDD /* st_addr_mem-wb_ex.asm in Sources */,
				B3E8DCAB1CC2B3DD00E99EDD /* matrix(SuperScalar).asm in Sources */,
				B3E8DCA61CC2B3DD00E99EDD /* load_delay_2.asm in Sources */,
				B355600C1CB4D02F0043584B /* main.cpp in Sources */,
				B3E8DC9B1CC2B3DC00E99EDD /* array.asm in Sources */,
				B3E8DCAC1CC2B3DD00E99EDD /* mem-wb_to_ex1.asm in Sources */,
				B3E8DC561CBC965D00E99EDD /* SourceReader.cpp in Sources */,
				B3E8DC971CC2B3DC00E99EDD /* add_reg_1.asm in Sources */,
				B3E8DCB21CC2B3DD00E99EDD /* mem_move.asm in Sources */,
				B35560441CB7421D0043584B /* Instruction.cpp in Sources */,
				B3E8DCA71CC2B3DD00E99EDD /* load_delay_3.asm in Sources */,
				B3E8DC9A1CC2B3DC00E99EDD /* alu_reg_3.asm in Sources */,
				B3E8DCA31CC2B3DD00E99EDD /* ld_addr_ex-wb_ex.asm in Sources */,
				B3E8DCB61CC2B3DD00E99EDD /* st_mem-wb_mem.asm in Sources */,
				B3E8DC701CC1E73000E99EDD /* ExecuteStage.cpp in Sources */,
				B32A0D091CB7581A00216F67 /* SimulationInstruction.cpp in Sources */,
				B3E8DCA81CC2B3DD00E99EDD /* load_reg_1.asm in Sources */,
				B3E8DC531CBC5BAF00E99EDD /* InstructionType.cpp in Sources */,
				B3E8DCAE1CC2B3DD00E99EDD /* mem-wb_to_ex3.asm in Sources */,
				B3E8DCB71CC2B3DD00E99EDD /* Unrolling.asm in Sources */,
				B3E8DCAF1CC2B3DD00E99EDD /* mem-wb_to_ex4.asm in Sources */,
				B3E8DCAA1CC2B3DD00E99EDD /* load_reg_3.asm in Sources */,
				B3E8DC621CC1E71B00E99EDD /* MainMemory.cpp in Sources */,
				B3E8DCA21CC2B3DC00E99EDD /* ld_addr_ex-mem_ex.asm in Sources */,
				B3E8DCB11CC2B3DD00E99EDD /* mem-wb_to_ex6.asm in Sources */,
				B3E8DC721CC1E73000E99EDD /* MemoryStage.cpp in Sources */,
				B3E8DC9F1CC2B3DC00E99EDD /* ex-mem_to_ex_1.asm in Sources */,
				B3E8DCB31CC2B3DD00E99EDD /* mult.asm in Sources */,
				B3E8DCA01CC2B3DC00E99EDD /* ex-mem_to_ex_2.asm in Sources */,
				B3E8DCA91CC2B3DD00E99EDD /* load_reg_2.asm in Sources */,
				B3E8DC521CBC5BAF00E99EDD /* InstructionParser.cpp in Sources */,
				B3E8DC9D1CC2B3DC00E99EDD /* branch_1.asm in Sources */,
				B3E8DCB01CC2B3DD00E99EDD /* mem-wb_to_ex5.asm in Sources */,
				B3E8DC6F1CC1E73000E99EDD /* DecodeStage.cpp in Sources */,
				B3E8DC741CC1E73000E99EDD /* WriteBackStage.cpp in Sources */,
				B3E8DC731CC1E73000E99EDD /* PipelineStage.cpp in Sources */,
				B355603B1CB737AE0043584B /* RegisterFile.cpp in Sources */,
				B35560471CB746A30043584B /* LabelInstruction.cpp in Sources */,
				B32A0D0A1CB7581A00216F67 /* Simulator.cpp in Sources */,
				B3E8DCA41CC2B3DD00E99EDD /* ld_addr_ex-wb_mem.asm in Sources */,
				B3E8DCA51CC2B3DD00E99EDD /* load_delay_1.asm in Sources */,
				B3E8DCAD1CC2B3DD00E99EDD /* mem-wb_to_ex2.asm in Sources */,
				B3E8DCA11CC2B3DC00E99EDD /* ex-mem_to_ex_3.asm in Sources */,
				B3E8DC9E1CC2B3DC00E99EDD /* branch_2.asm in Sources */,
				B3E8DCB41CC2B3DD00E99EDD /* st_addr_ex-mem_ex.asm in Sources */,
			);
			runOnlyForDeploymentPostprocessing = 0;
		};
/* End PBXSourcesBuildPhase section */

/* Begin XCBuildConfiguration section */
		B355600D1CB4D02F0043584B /* Debug */ = {
			isa = XCBuildConfiguration;
			buildSettings = {
				ALWAYS_SEARCH_USER_PATHS = NO;
				CLANG_CXX_LANGUAGE_STANDARD = "gnu++0x";
				CLANG_CXX_LIBRARY = "libc++";
				CLANG_ENABLE_MODULES = YES;
				CLANG_ENABLE_OBJC_ARC = YES;
				CLANG_WARN_BOOL_CONVERSION = YES;
				CLANG_WARN_CONSTANT_CONVERSION = YES;
				CLANG_WARN_DIRECT_OBJC_ISA_USAGE = YES_ERROR;
				CLANG_WARN_EMPTY_BODY = YES;
				CLANG_WARN_ENUM_CONVERSION = YES;
				CLANG_WARN_INT_CONVERSION = YES;
				CLANG_WARN_OBJC_ROOT_CLASS = YES_ERROR;
				CLANG_WARN_UNREACHABLE_CODE = YES;
				CLANG_WARN__DUPLICATE_METHOD_MATCH = YES;
				CODE_SIGN_IDENTITY = "-";
				COPY_PHASE_STRIP = NO;
				DEBUG_INFORMATION_FORMAT = dwarf;
				ENABLE_STRICT_OBJC_MSGSEND = YES;
				ENABLE_TESTABILITY = YES;
				GCC_C_LANGUAGE_STANDARD = gnu99;
				GCC_DYNAMIC_NO_PIC = NO;
				GCC_NO_COMMON_BLOCKS = YES;
				GCC_OPTIMIZATION_LEVEL = 0;
				GCC_PREPROCESSOR_DEFINITIONS = (
					"DEBUG=1",
					"$(inherited)",
				);
				GCC_WARN_64_TO_32_BIT_CONVERSION = YES;
				GCC_WARN_ABOUT_RETURN_TYPE = YES_ERROR;
				GCC_WARN_UNDECLARED_SELECTOR = YES;
				GCC_WARN_UNINITIALIZED_AUTOS = YES_AGGRESSIVE;
				GCC_WARN_UNUSED_FUNCTION = YES;
				GCC_WARN_UNUSED_VARIABLE = YES;
				MACOSX_DEPLOYMENT_TARGET = 10.11;
				MTL_ENABLE_DEBUG_INFO = YES;
				ONLY_ACTIVE_ARCH = YES;
				SDKROOT = macosx;
			};
			name = Debug;
		};
		B355600E1CB4D02F0043584B /* Release */ = {
			isa = XCBuildConfiguration;
			buildSettings = {
				ALWAYS_SEARCH_USER_PATHS = NO;
				CLANG_CXX_LANGUAGE_STANDARD = "gnu++0x";
				CLANG_CXX_LIBRARY = "libc++";
				CLANG_ENABLE_MODULES = YES;
				CLANG_ENABLE_OBJC_ARC = YES;
				CLANG_WARN_BOOL_CONVERSION = YES;
				CLANG_WARN_CONSTANT_CONVERSION = YES;
				CLANG_WARN_DIRECT_OBJC_ISA_USAGE = YES_ERROR;
				CLANG_WARN_EMPTY_BODY = YES;
				CLANG_WARN_ENUM_CONVERSION = YES;
				CLANG_WARN_INT_CONVERSION = YES;
				CLANG_WARN_OBJC_ROOT_CLASS = YES_ERROR;
				CLANG_WARN_UNREACHABLE_CODE = YES;
				CLANG_WARN__DUPLICATE_METHOD_MATCH = YES;
				CODE_SIGN_IDENTITY = "-";
				COPY_PHASE_STRIP = NO;
				DEBUG_INFORMATION_FORMAT = "dwarf-with-dsym";
				ENABLE_NS_ASSERTIONS = NO;
				ENABLE_STRICT_OBJC_MSGSEND = YES;
				GCC_C_LANGUAGE_STANDARD = gnu99;
				GCC_NO_COMMON_BLOCKS = YES;
				GCC_WARN_64_TO_32_BIT_CONVERSION = YES;
				GCC_WARN_ABOUT_RETURN_TYPE = YES_ERROR;
				GCC_WARN_UNDECLARED_SELECTOR = YES;
				GCC_WARN_UNINITIALIZED_AUTOS = YES_AGGRESSIVE;
				GCC_WARN_UNUSED_FUNCTION = YES;
				GCC_WARN_UNUSED_VARIABLE = YES;
				MACOSX_DEPLOYMENT_TARGET = 10.11;
				MTL_ENABLE_DEBUG_INFO = NO;
				SDKROOT = macosx;
			};
			name = Release;
		};
		B35560101CB4D02F0043584B /* Debug */ = {
			isa = XCBuildConfiguration;
			buildSettings = {
				PRODUCT_NAME = "$(TARGET_NAME)";
			};
			name = Debug;
		};
		B35560111CB4D02F0043584B /* Release */ = {
			isa = XCBuildConfiguration;
			buildSettings = {
				PRODUCT_NAME = "$(TARGET_NAME)";
			};
			name = Release;
		};
/* End XCBuildConfiguration section */

/* Begin XCConfigurationList section */
		B35560031CB4D02F0043584B /* Build configuration list for PBXProject "MIPSSuperscalarSimulator" */ = {
			isa = XCConfigurationList;
			buildConfigurations = (
				B355600D1CB4D02F0043584B /* Debug */,
				B355600E1CB4D02F0043584B /* Release */,
			);
			defaultConfigurationIsVisible = 0;
			defaultConfigurationName = Release;
		};
		B355600F1CB4D02F0043584B /* Build configuration list for PBXNativeTarget "MIPSSuperscalarSimulator" */ = {
			isa = XCConfigurationList;
			buildConfigurations = (
				B35560101CB4D02F0043584B /* Debug */,
				B35560111CB4D02F0043584B /* Release */,
			);
			defaultConfigurationIsVisible = 0;
			defaultConfigurationName = Release;
		};
/* End XCConfigurationList section */
	};
	rootObject = B35560001CB4D02F0043584B /* Project object */;
}
