// !$*UTF8*$!
{
	archiveVersion = 1;
	classes = {
	};
	objectVersion = 46;
	objects = {

/* Begin PBXBuildFile section */
		B355600C1CB4D02F0043584B /* main.cpp in Sources */ = {isa = PBXBuildFile; fileRef = B355600B1CB4D02F0043584B /* main.cpp */; };
		B35560261CB5903D0043584B /* FetchStage.cpp in Sources */ = {isa = PBXBuildFile; fileRef = B35560241CB5903D0043584B /* FetchStage.cpp */; };
		B35560291CB5904C0043584B /* DecodeStage.cpp in Sources */ = {isa = PBXBuildFile; fileRef = B35560271CB5904C0043584B /* DecodeStage.cpp */; };
		B355602F1CB590680043584B /* ExecuteStage.cpp in Sources */ = {isa = PBXBuildFile; fileRef = B355602D1CB590680043584B /* ExecuteStage.cpp */; };
		B35560321CB590780043584B /* WriteBackStage.cpp in Sources */ = {isa = PBXBuildFile; fileRef = B35560301CB590780043584B /* WriteBackStage.cpp */; };
		B35560351CB590870043584B /* MemoryStage.cpp in Sources */ = {isa = PBXBuildFile; fileRef = B35560331CB590870043584B /* MemoryStage.cpp */; };
		B355603B1CB737AE0043584B /* RegisterFile.cpp in Sources */ = {isa = PBXBuildFile; fileRef = B35560391CB737AE0043584B /* RegisterFile.cpp */; };
		B355603E1CB737C00043584B /* MainMemory.cpp in Sources */ = {isa = PBXBuildFile; fileRef = B355603C1CB737C00043584B /* MainMemory.cpp */; };
/* End PBXBuildFile section */

/* Begin PBXCopyFilesBuildPhase section */
		B35560061CB4D02F0043584B /* CopyFiles */ = {
			isa = PBXCopyFilesBuildPhase;
			buildActionMask = 2147483647;
			dstPath = /usr/share/man/man1/;
			dstSubfolderSpec = 0;
			files = (
			);
			runOnlyForDeploymentPostprocessing = 1;
		};
/* End PBXCopyFilesBuildPhase section */

/* Begin PBXFileReference section */
		B35560081CB4D02F0043584B /* MIPSSuperscalarSimulator */ = {isa = PBXFileReference; explicitFileType = "compiled.mach-o.executable"; includeInIndex = 0; path = MIPSSuperscalarSimulator; sourceTree = BUILT_PRODUCTS_DIR; };
		B355600B1CB4D02F0043584B /* main.cpp */ = {isa = PBXFileReference; lastKnownFileType = sourcecode.cpp.cpp; path = main.cpp; sourceTree = "<group>"; };
		B35560241CB5903D0043584B /* FetchStage.cpp */ = {isa = PBXFileReference; fileEncoding = 4; lastKnownFileType = sourcecode.cpp.cpp; path = FetchStage.cpp; sourceTree = "<group>"; };
		B35560251CB5903D0043584B /* FetchStage.hpp */ = {isa = PBXFileReference; fileEncoding = 4; lastKnownFileType = sourcecode.cpp.h; path = FetchStage.hpp; sourceTree = "<group>"; };
		B35560271CB5904C0043584B /* DecodeStage.cpp */ = {isa = PBXFileReference; fileEncoding = 4; lastKnownFileType = sourcecode.cpp.cpp; path = DecodeStage.cpp; sourceTree = "<group>"; };
		B35560281CB5904C0043584B /* DecodeStage.hpp */ = {isa = PBXFileReference; fileEncoding = 4; lastKnownFileType = sourcecode.cpp.h; path = DecodeStage.hpp; sourceTree = "<group>"; };
		B355602D1CB590680043584B /* ExecuteStage.cpp */ = {isa = PBXFileReference; fileEncoding = 4; lastKnownFileType = sourcecode.cpp.cpp; path = ExecuteStage.cpp; sourceTree = "<group>"; };
		B355602E1CB590680043584B /* ExecuteStage.hpp */ = {isa = PBXFileReference; fileEncoding = 4; lastKnownFileType = sourcecode.cpp.h; path = ExecuteStage.hpp; sourceTree = "<group>"; };
		B35560301CB590780043584B /* WriteBackStage.cpp */ = {isa = PBXFileReference; fileEncoding = 4; lastKnownFileType = sourcecode.cpp.cpp; path = WriteBackStage.cpp; sourceTree = "<group>"; };
		B35560311CB590780043584B /* WriteBackStage.hpp */ = {isa = PBXFileReference; fileEncoding = 4; lastKnownFileType = sourcecode.cpp.h; path = WriteBackStage.hpp; sourceTree = "<group>"; };
		B35560331CB590870043584B /* MemoryStage.cpp */ = {isa = PBXFileReference; fileEncoding = 4; lastKnownFileType = sourcecode.cpp.cpp; path = MemoryStage.cpp; sourceTree = "<group>"; };
		B35560341CB590870043584B /* MemoryStage.hpp */ = {isa = PBXFileReference; fileEncoding = 4; lastKnownFileType = sourcecode.cpp.h; path = MemoryStage.hpp; sourceTree = "<group>"; };
		B35560391CB737AE0043584B /* RegisterFile.cpp */ = {isa = PBXFileReference; fileEncoding = 4; lastKnownFileType = sourcecode.cpp.cpp; path = RegisterFile.cpp; sourceTree = "<group>"; };
		B355603A1CB737AE0043584B /* RegisterFile.hpp */ = {isa = PBXFileReference; fileEncoding = 4; lastKnownFileType = sourcecode.cpp.h; path = RegisterFile.hpp; sourceTree = "<group>"; };
		B355603C1CB737C00043584B /* MainMemory.cpp */ = {isa = PBXFileReference; fileEncoding = 4; lastKnownFileType = sourcecode.cpp.cpp; path = MainMemory.cpp; sourceTree = "<group>"; };
		B355603D1CB737C00043584B /* MainMemory.hpp */ = {isa = PBXFileReference; fileEncoding = 4; lastKnownFileType = sourcecode.cpp.h; path = MainMemory.hpp; sourceTree = "<group>"; };
/* End PBXFileReference section */

/* Begin PBXFrameworksBuildPhase section */
		B35560051CB4D02F0043584B /* Frameworks */ = {
			isa = PBXFrameworksBuildPhase;
			buildActionMask = 2147483647;
			files = (
			);
			runOnlyForDeploymentPostprocessing = 0;
		};
/* End PBXFrameworksBuildPhase section */

/* Begin PBXGroup section */
		B3555FFF1CB4D02F0043584B = {
			isa = PBXGroup;
			children = (
				B355600A1CB4D02F0043584B /* MIPSSuperscalarSimulator */,
				B35560091CB4D02F0043584B /* Products */,
			);
			sourceTree = "<group>";
		};
		B35560091CB4D02F0043584B /* Products */ = {
			isa = PBXGroup;
			children = (
				B35560081CB4D02F0043584B /* MIPSSuperscalarSimulator */,
			);
			name = Products;
			sourceTree = "<group>";
		};
		B355600A1CB4D02F0043584B /* MIPSSuperscalarSimulator */ = {
			isa = PBXGroup;
			children = (
				B355600B1CB4D02F0043584B /* main.cpp */,
				B355603A1CB737AE0043584B /* RegisterFile.hpp */,
				B35560391CB737AE0043584B /* RegisterFile.cpp */,
				B355603C1CB737C00043584B /* MainMemory.cpp */,
				B355603D1CB737C00043584B /* MainMemory.hpp */,
				B35560241CB5903D0043584B /* FetchStage.cpp */,
				B35560251CB5903D0043584B /* FetchStage.hpp */,
				B35560271CB5904C0043584B /* DecodeStage.cpp */,
				B35560281CB5904C0043584B /* DecodeStage.hpp */,
				B355602D1CB590680043584B /* ExecuteStage.cpp */,
				B355602E1CB590680043584B /* ExecuteStage.hpp */,
				B35560301CB590780043584B /* WriteBackStage.cpp */,
				B35560311CB590780043584B /* WriteBackStage.hpp */,
				B35560331CB590870043584B /* MemoryStage.cpp */,
				B35560341CB590870043584B /* MemoryStage.hpp */,
			);
			path = MIPSSuperscalarSimulator;
			sourceTree = "<group>";
		};
/* End PBXGroup section */

/* Begin PBXNativeTarget section */
		B35560071CB4D02F0043584B /* MIPSSuperscalarSimulator */ = {
			isa = PBXNativeTarget;
			buildConfigurationList = B355600F1CB4D02F0043584B /* Build configuration list for PBXNativeTarget "MIPSSuperscalarSimulator" */;
			buildPhases = (
				B35560041CB4D02F0043584B /* Sources */,
				B35560051CB4D02F0043584B /* Frameworks */,
				B35560061CB4D02F0043584B /* CopyFiles */,
			);
			buildRules = (
			);
			dependencies = (
			);
			name = MIPSSuperscalarSimulator;
			productName = MIPSSuperscalarSimulator;
			productReference = B35560081CB4D02F0043584B /* MIPSSuperscalarSimulator */;
			productType = "com.apple.product-type.tool";
		};
/* End PBXNativeTarget section */

/* Begin PBXProject section */
		B35560001CB4D02F0043584B /* Project object */ = {
			isa = PBXProject;
			attributes = {
				LastUpgradeCheck = 0720;
				ORGANIZATIONNAME = ZhuKim;
				TargetAttributes = {
					B35560071CB4D02F0043584B = {
						CreatedOnToolsVersion = 7.2;
					};
				};
			};
			buildConfigurationList = B35560031CB4D02F0043584B /* Build configuration list for PBXProject "MIPSSuperscalarSimulator" */;
			compatibilityVersion = "Xcode 3.2";
			developmentRegion = English;
			hasScannedForEncodings = 0;
			knownRegions = (
				en,
			);
			mainGroup = B3555FFF1CB4D02F0043584B;
			productRefGroup = B35560091CB4D02F0043584B /* Products */;
			projectDirPath = "";
			projectRoot = "";
			targets = (
				B35560071CB4D02F0043584B /* MIPSSuperscalarSimulator */,
			);
		};
/* End PBXProject section */

/* Begin PBXSourcesBuildPhase section */
		B35560041CB4D02F0043584B /* Sources */ = {
			isa = PBXSourcesBuildPhase;
			buildActionMask = 2147483647;
			files = (
				B355600C1CB4D02F0043584B /* main.cpp in Sources */,
				B35560261CB5903D0043584B /* FetchStage.cpp in Sources */,
				B35560321CB590780043584B /* WriteBackStage.cpp in Sources */,
				B355602F1CB590680043584B /* ExecuteStage.cpp in Sources */,
				B35560351CB590870043584B /* MemoryStage.cpp in Sources */,
				B355603E1CB737C00043584B /* MainMemory.cpp in Sources */,
				B35560291CB5904C0043584B /* DecodeStage.cpp in Sources */,
				B355603B1CB737AE0043584B /* RegisterFile.cpp in Sources */,
			);
			runOnlyForDeploymentPostprocessing = 0;
		};
/* End PBXSourcesBuildPhase section */

/* Begin XCBuildConfiguration section */
		B355600D1CB4D02F0043584B /* Debug */ = {
			isa = XCBuildConfiguration;
			buildSettings = {
				ALWAYS_SEARCH_USER_PATHS = NO;
				CLANG_CXX_LANGUAGE_STANDARD = "gnu++0x";
				CLANG_CXX_LIBRARY = "libc++";
				CLANG_ENABLE_MODULES = YES;
				CLANG_ENABLE_OBJC_ARC = YES;
				CLANG_WARN_BOOL_CONVERSION = YES;
				CLANG_WARN_CONSTANT_CONVERSION = YES;
				CLANG_WARN_DIRECT_OBJC_ISA_USAGE = YES_ERROR;
				CLANG_WARN_EMPTY_BODY = YES;
				CLANG_WARN_ENUM_CONVERSION = YES;
				CLANG_WARN_INT_CONVERSION = YES;
				CLANG_WARN_OBJC_ROOT_CLASS = YES_ERROR;
				CLANG_WARN_UNREACHABLE_CODE = YES;
				CLANG_WARN__DUPLICATE_METHOD_MATCH = YES;
				CODE_SIGN_IDENTITY = "-";
				COPY_PHASE_STRIP = NO;
				DEBUG_INFORMATION_FORMAT = dwarf;
				ENABLE_STRICT_OBJC_MSGSEND = YES;
				ENABLE_TESTABILITY = YES;
				GCC_C_LANGUAGE_STANDARD = gnu99;
				GCC_DYNAMIC_NO_PIC = NO;
				GCC_NO_COMMON_BLOCKS = YES;
				GCC_OPTIMIZATION_LEVEL = 0;
				GCC_PREPROCESSOR_DEFINITIONS = (
					"DEBUG=1",
					"$(inherited)",
				);
				GCC_WARN_64_TO_32_BIT_CONVERSION = YES;
				GCC_WARN_ABOUT_RETURN_TYPE = YES_ERROR;
				GCC_WARN_UNDECLARED_SELECTOR = YES;
				GCC_WARN_UNINITIALIZED_AUTOS = YES_AGGRESSIVE;
				GCC_WARN_UNUSED_FUNCTION = YES;
				GCC_WARN_UNUSED_VARIABLE = YES;
				MACOSX_DEPLOYMENT_TARGET = 10.11;
				MTL_ENABLE_DEBUG_INFO = YES;
				ONLY_ACTIVE_ARCH = YES;
				SDKROOT = macosx;
			};
			name = Debug;
		};
		B355600E1CB4D02F0043584B /* Release */ = {
			isa = XCBuildConfiguration;
			buildSettings = {
				ALWAYS_SEARCH_USER_PATHS = NO;
				CLANG_CXX_LANGUAGE_STANDARD = "gnu++0x";
				CLANG_CXX_LIBRARY = "libc++";
				CLANG_ENABLE_MODULES = YES;
				CLANG_ENABLE_OBJC_ARC = YES;
				CLANG_WARN_BOOL_CONVERSION = YES;
				CLANG_WARN_CONSTANT_CONVERSION = YES;
				CLANG_WARN_DIRECT_OBJC_ISA_USAGE = YES_ERROR;
				CLANG_WARN_EMPTY_BODY = YES;
				CLANG_WARN_ENUM_CONVERSION = YES;
				CLANG_WARN_INT_CONVERSION = YES;
				CLANG_WARN_OBJC_ROOT_CLASS = YES_ERROR;
				CLANG_WARN_UNREACHABLE_CODE = YES;
				CLANG_WARN__DUPLICATE_METHOD_MATCH = YES;
				CODE_SIGN_IDENTITY = "-";
				COPY_PHASE_STRIP = NO;
				DEBUG_INFORMATION_FORMAT = "dwarf-with-dsym";
				ENABLE_NS_ASSERTIONS = NO;
				ENABLE_STRICT_OBJC_MSGSEND = YES;
				GCC_C_LANGUAGE_STANDARD = gnu99;
				GCC_NO_COMMON_BLOCKS = YES;
				GCC_WARN_64_TO_32_BIT_CONVERSION = YES;
				GCC_WARN_ABOUT_RETURN_TYPE = YES_ERROR;
				GCC_WARN_UNDECLARED_SELECTOR = YES;
				GCC_WARN_UNINITIALIZED_AUTOS = YES_AGGRESSIVE;
				GCC_WARN_UNUSED_FUNCTION = YES;
				GCC_WARN_UNUSED_VARIABLE = YES;
				MACOSX_DEPLOYMENT_TARGET = 10.11;
				MTL_ENABLE_DEBUG_INFO = NO;
				SDKROOT = macosx;
			};
			name = Release;
		};
		B35560101CB4D02F0043584B /* Debug */ = {
			isa = XCBuildConfiguration;
			buildSettings = {
				PRODUCT_NAME = "$(TARGET_NAME)";
			};
			name = Debug;
		};
		B35560111CB4D02F0043584B /* Release */ = {
			isa = XCBuildConfiguration;
			buildSettings = {
				PRODUCT_NAME = "$(TARGET_NAME)";
			};
			name = Release;
		};
/* End XCBuildConfiguration section */

/* Begin XCConfigurationList section */
		B35560031CB4D02F0043584B /* Build configuration list for PBXProject "MIPSSuperscalarSimulator" */ = {
			isa = XCConfigurationList;
			buildConfigurations = (
				B355600D1CB4D02F0043584B /* Debug */,
				B355600E1CB4D02F0043584B /* Release */,
			);
			defaultConfigurationIsVisible = 0;
			defaultConfigurationName = Release;
		};
		B355600F1CB4D02F0043584B /* Build configuration list for PBXNativeTarget "MIPSSuperscalarSimulator" */ = {
			isa = XCConfigurationList;
			buildConfigurations = (
				B35560101CB4D02F0043584B /* Debug */,
				B35560111CB4D02F0043584B /* Release */,
			);
			defaultConfigurationIsVisible = 0;
		};
/* End XCConfigurationList section */
	};
	rootObject = B35560001CB4D02F0043584B /* Project object */;
}
